
Microsoft Visual Studio Solution File, Format Version 12.00
# Visual Studio Version 17
VisualStudioVersion = 17.3.32819.101
MinimumVisualStudioVersion = 10.0.40219.1
Project("{FAE04EC0-301F-11D3-BF4B-00C04F79EFBC}") = "PaymentDetailApi", "PaymentDetailApi\PaymentDetailApi.csproj", "{48DEADB7-E5AC-4678-BA95-C9BAD6ED9B95}"
EndProject
Global
	GlobalSection(SolutionConfigurationPlatforms) = preSolution
		Debug|Any CPU = Debug|Any CPU
		Release|Any CPU = Release|Any CPU
	EndGlobalSection
	GlobalSection(ProjectConfigurationPlatforms) = postSolution
		{48DEADB7-E5AC-4678-BA95-C9BAD6ED9B95}.Debug|Any CPU.ActiveCfg = Debug|Any CPU
		{48DEADB7-E5AC-4678-BA95-C9BAD6ED9B95}.Debug|Any CPU.Build.0 = Debug|Any CPU
		{48DEADB7-E5AC-4678-BA95-C9BAD6ED9B95}.Release|Any CPU.ActiveCfg = Release|Any CPU
		{48DEADB7-E5AC-4678-BA95-C9BAD6ED9B95}.Release|Any CPU.Build.0 = Release|Any CPU
	EndGlobalSection
	GlobalSection(SolutionProperties) = preSolution
		HideSolutionNode = FALSE
	EndGlobalSection
	GlobalSection(ExtensibilityGlobals) = postSolution
		SolutionGuid = {1AF391B6-1F49-4477-B681-575059BB9B21}
	EndGlobalSection
EndGlobal
