
Microsoft Visual Studio Solution File, Format Version 12.00
# Visual Studio Version 17
VisualStudioVersion = 17.3.32819.101
MinimumVisualStudioVersion = 10.0.40219.1
Project("{FAE04EC0-301F-11D3-BF4B-00C04F79EFBC}") = "eShopAPI", "eShopAPI\eShopAPI.csproj", "{3F124CD2-B0B7-49CC-A314-1447827C2916}"
EndProject
Global
	GlobalSection(SolutionConfigurationPlatforms) = preSolution
		Debug|Any CPU = Debug|Any CPU
		Release|Any CPU = Release|Any CPU
	EndGlobalSection
	GlobalSection(ProjectConfigurationPlatforms) = postSolution
		{3F124CD2-B0B7-49CC-A314-1447827C2916}.Debug|Any CPU.ActiveCfg = Debug|Any CPU
		{3F124CD2-B0B7-49CC-A314-1447827C2916}.Debug|Any CPU.Build.0 = Debug|Any CPU
		{3F124CD2-B0B7-49CC-A314-1447827C2916}.Release|Any CPU.ActiveCfg = Release|Any CPU
		{3F124CD2-B0B7-49CC-A314-1447827C2916}.Release|Any CPU.Build.0 = Release|Any CPU
	EndGlobalSection
	GlobalSection(SolutionProperties) = preSolution
		HideSolutionNode = FALSE
	EndGlobalSection
	GlobalSection(ExtensibilityGlobals) = postSolution
		SolutionGuid = {4A01EA55-6695-4365-B0A7-66249E00FC04}
	EndGlobalSection
EndGlobal
